
Microsoft Visual Studio Solution File, Format Version 12.00
# Visual Studio Version 16
VisualStudioVersion = 16.0.29001.49
MinimumVisualStudioVersion = 10.0.40219.1
Project("{FAE04EC0-301F-11D3-BF4B-00C04F79EFBC}") = "WebApiApplication", "WebApiApplication\WebApiApplication.csproj", "{179A7E0D-9709-4494-A62B-C8A9AB47C726}"
EndProject
Project("{FAE04EC0-301F-11D3-BF4B-00C04F79EFBC}") = "Common", "Common\Common.csproj", "{81E357DA-CF7F-44E8-9145-816A1C02218B}"
EndProject
Global
	GlobalSection(SolutionConfigurationPlatforms) = preSolution
		Debug SQLEXPRESS|Any CPU = Debug SQLEXPRESS|Any CPU
		Debug|Any CPU = Debug|Any CPU
		Release|Any CPU = Release|Any CPU
	EndGlobalSection
	GlobalSection(ProjectConfigurationPlatforms) = postSolution
		{179A7E0D-9709-4494-A62B-C8A9AB47C726}.Debug SQLEXPRESS|Any CPU.ActiveCfg = Debug|Any CPU
		{179A7E0D-9709-4494-A62B-C8A9AB47C726}.Debug SQLEXPRESS|Any CPU.Build.0 = Debug|Any CPU
		{179A7E0D-9709-4494-A62B-C8A9AB47C726}.Debug|Any CPU.ActiveCfg = Debug|Any CPU
		{179A7E0D-9709-4494-A62B-C8A9AB47C726}.Debug|Any CPU.Build.0 = Debug|Any CPU
		{179A7E0D-9709-4494-A62B-C8A9AB47C726}.Release|Any CPU.ActiveCfg = Release|Any CPU
		{179A7E0D-9709-4494-A62B-C8A9AB47C726}.Release|Any CPU.Build.0 = Release|Any CPU
		{81E357DA-CF7F-44E8-9145-816A1C02218B}.Debug SQLEXPRESS|Any CPU.ActiveCfg = Debug SQLEXPRESS|Any CPU
		{81E357DA-CF7F-44E8-9145-816A1C02218B}.Debug SQLEXPRESS|Any CPU.Build.0 = Debug SQLEXPRESS|Any CPU
		{81E357DA-CF7F-44E8-9145-816A1C02218B}.Debug|Any CPU.ActiveCfg = Debug|Any CPU
		{81E357DA-CF7F-44E8-9145-816A1C02218B}.Debug|Any CPU.Build.0 = Debug|Any CPU
		{81E357DA-CF7F-44E8-9145-816A1C02218B}.Release|Any CPU.ActiveCfg = Release|Any CPU
		{81E357DA-CF7F-44E8-9145-816A1C02218B}.Release|Any CPU.Build.0 = Release|Any CPU
	EndGlobalSection
	GlobalSection(SolutionProperties) = preSolution
		HideSolutionNode = FALSE
	EndGlobalSection
	GlobalSection(ExtensibilityGlobals) = postSolution
		SolutionGuid = {13904CFB-9C4F-45AD-9BFD-866BAB2014DF}
	EndGlobalSection
	GlobalSection(NestedProjects) = preSolution
	EndGlobalSection
EndGlobal
